<?xml version="1.0" encoding="utf-8"?>
<Project ToolsVersion="17.0" xmlns="http://schemas.microsoft.com/developer/msbuild/2003">
  <ItemGroup>
    <ClCompile Include="G:\c\2025\lunzi\IrulerDeskpro\build_trae\PlayerProcess_autogen\mocs_compilation_Debug.cpp">
      <Filter>Source Files</Filter>
    </ClCompile>
    <ClCompile Include="G:\c\2025\lunzi\IrulerDeskpro\src\player\main_player.cpp">
      <Filter>Source Files</Filter>
    </ClCompile>
    <ClCompile Include="G:\c\2025\lunzi\IrulerDeskpro\src\common\ConsoleLogger.cpp">
      <Filter>Source Files</Filter>
    </ClCompile>
    <ClCompile Include="G:\c\2025\lunzi\IrulerDeskpro\src\common\CrashGuard.cpp">
      <Filter>Source Files</Filter>
    </ClCompile>
    <ClCompile Include="G:\c\2025\lunzi\IrulerDeskpro\src\player\VP9Decoder.cpp">
      <Filter>Source Files</Filter>
    </ClCompile>
    <ClCompile Include="G:\c\2025\lunzi\IrulerDeskpro\src\player\DxvaVP9Decoder.cpp">
      <Filter>Source Files</Filter>
    </ClCompile>
    <ClCompile Include="G:\c\2025\lunzi\IrulerDeskpro\src\player\VideoRenderer.cpp">
      <Filter>Source Files</Filter>
    </ClCompile>
    <ClCompile Include="G:\c\2025\lunzi\IrulerDeskpro\src\player\WebSocketReceiver.cpp">
      <Filter>Source Files</Filter>
    </ClCompile>
    <ClCompile Include="G:\c\2025\lunzi\IrulerDeskpro\src\video_components\AudioPlayer.cpp">
      <Filter>Source Files</Filter>
    </ClCompile>
    <ClCompile Include="G:\c\2025\lunzi\IrulerDeskpro\src\video_components\VideoDisplayWidget.cpp">
      <Filter>Source Files</Filter>
    </ClCompile>
    <ClCompile Include="G:\c\2025\lunzi\IrulerDeskpro\src\ui\BubbleTipWidget.cpp">
      <Filter>Source Files</Filter>
    </ClCompile>
    <ClCompile Include="G:\c\2025\lunzi\IrulerDeskpro\src\ui\ScreenAnnotationWidget.cpp">
      <Filter>Source Files</Filter>
    </ClCompile>
    <ClCompile Include="G:\c\2025\lunzi\IrulerDeskpro\build_trae\PlayerProcess_autogen\mocs_compilation_Release.cpp">
      <Filter>Source Files</Filter>
    </ClCompile>
    <ClCompile Include="G:\c\2025\lunzi\IrulerDeskpro\build_trae\PlayerProcess_autogen\mocs_compilation_MinSizeRel.cpp">
      <Filter>Source Files</Filter>
    </ClCompile>
    <ClCompile Include="G:\c\2025\lunzi\IrulerDeskpro\build_trae\PlayerProcess_autogen\mocs_compilation_RelWithDebInfo.cpp">
      <Filter>Source Files</Filter>
    </ClCompile>
  </ItemGroup>
  <ItemGroup>
    <ClInclude Include="G:\c\2025\lunzi\IrulerDeskpro\src\common\ConsoleLogger.h">
      <Filter>Header Files</Filter>
    </ClInclude>
    <ClInclude Include="G:\c\2025\lunzi\IrulerDeskpro\src\common\CrashGuard.h">
      <Filter>Header Files</Filter>
    </ClInclude>
    <ClInclude Include="G:\c\2025\lunzi\IrulerDeskpro\src\player\VP9Decoder.h">
      <Filter>Header Files</Filter>
    </ClInclude>
    <ClInclude Include="G:\c\2025\lunzi\IrulerDeskpro\src\player\DxvaVP9Decoder.h">
      <Filter>Header Files</Filter>
    </ClInclude>
    <ClInclude Include="G:\c\2025\lunzi\IrulerDeskpro\src\player\VideoRenderer.h">
      <Filter>Header Files</Filter>
    </ClInclude>
    <ClInclude Include="G:\c\2025\lunzi\IrulerDeskpro\src\player\WebSocketReceiver.h">
      <Filter>Header Files</Filter>
    </ClInclude>
    <ClInclude Include="G:\c\2025\lunzi\IrulerDeskpro\src\video_components\AudioPlayer.h">
      <Filter>Header Files</Filter>
    </ClInclude>
    <ClInclude Include="G:\c\2025\lunzi\IrulerDeskpro\src\video_components\VideoDisplayWidget.h">
      <Filter>Header Files</Filter>
    </ClInclude>
    <ClInclude Include="G:\c\2025\lunzi\IrulerDeskpro\src\ui\BubbleTipWidget.h">
      <Filter>Header Files</Filter>
    </ClInclude>
    <ClInclude Include="G:\c\2025\lunzi\IrulerDeskpro\src\ui\ScreenAnnotationWidget.h">
      <Filter>Header Files</Filter>
    </ClInclude>
  </ItemGroup>
  <ItemGroup>
    <CustomBuild Include="G:\c\2025\lunzi\IrulerDeskpro\CMakeLists.txt" />
  </ItemGroup>
  <ItemGroup>
    <Filter Include="Header Files">
      <UniqueIdentifier>{38FE272C-7A87-3D54-8F00-52FA43D6B8F1}</UniqueIdentifier>
    </Filter>
    <Filter Include="Source Files">
      <UniqueIdentifier>{D037C4AB-830C-372A-B4F7-377E6EB22A70}</UniqueIdentifier>
    </Filter>
  </ItemGroup>
</Project>
