
Microsoft Visual Studio Solution File, Format Version 12.00
# Visual Studio Version 17
Project("{8BC9CEB8-8B4A-11D0-8D11-00A0C91BC942}") = "ALL_BUILD", "ALL_BUILD.vcxproj", "{AD111F73-12E8-3557-8AAE-EADB8115CFEF}"
	ProjectSection(ProjectDependencies) = postProject
		{9A8AE5D9-7CC7-38D2-B7E5-E3C548E77784} = {9A8AE5D9-7CC7-38D2-B7E5-E3C548E77784}
		{485D6F4C-1D3B-3700-B5E1-267FC0FDFF67} = {485D6F4C-1D3B-3700-B5E1-267FC0FDFF67}
		{535DE498-3AF9-3B48-988E-C17EB817054A} = {535DE498-3AF9-3B48-988E-C17EB817054A}
		{D40AF455-2FAA-35C1-AE7A-0D1640CBAD30} = {D40AF455-2FAA-35C1-AE7A-0D1640CBAD30}
		{73F97CDF-A656-3D18-B342-E00A30C86BE5} = {73F97CDF-A656-3D18-B342-E00A30C86BE5}
	EndProjectSection
EndProject
Project("{8BC9CEB8-8B4A-11D0-8D11-00A0C91BC942}") = "CaptureProcess", "CaptureProcess.vcxproj", "{9A8AE5D9-7CC7-38D2-B7E5-E3C548E77784}"
	ProjectSection(ProjectDependencies) = postProject
		{D40AF455-2FAA-35C1-AE7A-0D1640CBAD30} = {D40AF455-2FAA-35C1-AE7A-0D1640CBAD30}
	EndProjectSection
EndProject
Project("{8BC9CEB8-8B4A-11D0-8D11-00A0C91BC942}") = "INSTALL", "INSTALL.vcxproj", "{C53F2602-19AA-35BF-8E22-688FDA17CABE}"
	ProjectSection(ProjectDependencies) = postProject
		{AD111F73-12E8-3557-8AAE-EADB8115CFEF} = {AD111F73-12E8-3557-8AAE-EADB8115CFEF}
		{D40AF455-2FAA-35C1-AE7A-0D1640CBAD30} = {D40AF455-2FAA-35C1-AE7A-0D1640CBAD30}
	EndProjectSection
EndProject
Project("{8BC9CEB8-8B4A-11D0-8D11-00A0C91BC942}") = "PACKAGE", "PACKAGE.vcxproj", "{8EA3B913-06E4-314C-91C9-0445155E8C2D}"
	ProjectSection(ProjectDependencies) = postProject
		{AD111F73-12E8-3557-8AAE-EADB8115CFEF} = {AD111F73-12E8-3557-8AAE-EADB8115CFEF}
		{D40AF455-2FAA-35C1-AE7A-0D1640CBAD30} = {D40AF455-2FAA-35C1-AE7A-0D1640CBAD30}
	EndProjectSection
EndProject
Project("{8BC9CEB8-8B4A-11D0-8D11-00A0C91BC942}") = "PlayerProcess", "PlayerProcess.vcxproj", "{485D6F4C-1D3B-3700-B5E1-267FC0FDFF67}"
	ProjectSection(ProjectDependencies) = postProject
		{D40AF455-2FAA-35C1-AE7A-0D1640CBAD30} = {D40AF455-2FAA-35C1-AE7A-0D1640CBAD30}
	EndProjectSection
EndProject
Project("{8BC9CEB8-8B4A-11D0-8D11-00A0C91BC942}") = "ScreenStreamApp", "ScreenStreamApp.vcxproj", "{535DE498-3AF9-3B48-988E-C17EB817054A}"
	ProjectSection(ProjectDependencies) = postProject
		{D40AF455-2FAA-35C1-AE7A-0D1640CBAD30} = {D40AF455-2FAA-35C1-AE7A-0D1640CBAD30}
	EndProjectSection
EndProject
Project("{8BC9CEB8-8B4A-11D0-8D11-00A0C91BC942}") = "ZERO_CHECK", "ZERO_CHECK.vcxproj", "{D40AF455-2FAA-35C1-AE7A-0D1640CBAD30}"
	ProjectSection(ProjectDependencies) = postProject
	EndProjectSection
EndProject
Project("{8BC9CEB8-8B4A-11D0-8D11-00A0C91BC942}") = "ZipRelease", "ZipRelease.vcxproj", "{73F97CDF-A656-3D18-B342-E00A30C86BE5}"
	ProjectSection(ProjectDependencies) = postProject
		{9A8AE5D9-7CC7-38D2-B7E5-E3C548E77784} = {9A8AE5D9-7CC7-38D2-B7E5-E3C548E77784}
		{485D6F4C-1D3B-3700-B5E1-267FC0FDFF67} = {485D6F4C-1D3B-3700-B5E1-267FC0FDFF67}
		{535DE498-3AF9-3B48-988E-C17EB817054A} = {535DE498-3AF9-3B48-988E-C17EB817054A}
		{D40AF455-2FAA-35C1-AE7A-0D1640CBAD30} = {D40AF455-2FAA-35C1-AE7A-0D1640CBAD30}
	EndProjectSection
EndProject
Global
	GlobalSection(SolutionConfigurationPlatforms) = preSolution
		Debug|x64 = Debug|x64
		Release|x64 = Release|x64
		MinSizeRel|x64 = MinSizeRel|x64
		RelWithDebInfo|x64 = RelWithDebInfo|x64
	EndGlobalSection
	GlobalSection(ProjectConfigurationPlatforms) = postSolution
		{AD111F73-12E8-3557-8AAE-EADB8115CFEF}.Debug|x64.ActiveCfg = Debug|x64
		{AD111F73-12E8-3557-8AAE-EADB8115CFEF}.Debug|x64.Build.0 = Debug|x64
		{AD111F73-12E8-3557-8AAE-EADB8115CFEF}.Release|x64.ActiveCfg = Release|x64
		{AD111F73-12E8-3557-8AAE-EADB8115CFEF}.Release|x64.Build.0 = Release|x64
		{AD111F73-12E8-3557-8AAE-EADB8115CFEF}.MinSizeRel|x64.ActiveCfg = MinSizeRel|x64
		{AD111F73-12E8-3557-8AAE-EADB8115CFEF}.MinSizeRel|x64.Build.0 = MinSizeRel|x64
		{AD111F73-12E8-3557-8AAE-EADB8115CFEF}.RelWithDebInfo|x64.ActiveCfg = RelWithDebInfo|x64
		{AD111F73-12E8-3557-8AAE-EADB8115CFEF}.RelWithDebInfo|x64.Build.0 = RelWithDebInfo|x64
		{9A8AE5D9-7CC7-38D2-B7E5-E3C548E77784}.Debug|x64.ActiveCfg = Debug|x64
		{9A8AE5D9-7CC7-38D2-B7E5-E3C548E77784}.Debug|x64.Build.0 = Debug|x64
		{9A8AE5D9-7CC7-38D2-B7E5-E3C548E77784}.Release|x64.ActiveCfg = Release|x64
		{9A8AE5D9-7CC7-38D2-B7E5-E3C548E77784}.Release|x64.Build.0 = Release|x64
		{9A8AE5D9-7CC7-38D2-B7E5-E3C548E77784}.MinSizeRel|x64.ActiveCfg = MinSizeRel|x64
		{9A8AE5D9-7CC7-38D2-B7E5-E3C548E77784}.MinSizeRel|x64.Build.0 = MinSizeRel|x64
		{9A8AE5D9-7CC7-38D2-B7E5-E3C548E77784}.RelWithDebInfo|x64.ActiveCfg = RelWithDebInfo|x64
		{9A8AE5D9-7CC7-38D2-B7E5-E3C548E77784}.RelWithDebInfo|x64.Build.0 = RelWithDebInfo|x64
		{C53F2602-19AA-35BF-8E22-688FDA17CABE}.Debug|x64.ActiveCfg = Debug|x64
		{C53F2602-19AA-35BF-8E22-688FDA17CABE}.Release|x64.ActiveCfg = Release|x64
		{C53F2602-19AA-35BF-8E22-688FDA17CABE}.MinSizeRel|x64.ActiveCfg = MinSizeRel|x64
		{C53F2602-19AA-35BF-8E22-688FDA17CABE}.RelWithDebInfo|x64.ActiveCfg = RelWithDebInfo|x64
		{8EA3B913-06E4-314C-91C9-0445155E8C2D}.Debug|x64.ActiveCfg = Debug|x64
		{8EA3B913-06E4-314C-91C9-0445155E8C2D}.Release|x64.ActiveCfg = Release|x64
		{8EA3B913-06E4-314C-91C9-0445155E8C2D}.MinSizeRel|x64.ActiveCfg = MinSizeRel|x64
		{8EA3B913-06E4-314C-91C9-0445155E8C2D}.RelWithDebInfo|x64.ActiveCfg = RelWithDebInfo|x64
		{485D6F4C-1D3B-3700-B5E1-267FC0FDFF67}.Debug|x64.ActiveCfg = Debug|x64
		{485D6F4C-1D3B-3700-B5E1-267FC0FDFF67}.Debug|x64.Build.0 = Debug|x64
		{485D6F4C-1D3B-3700-B5E1-267FC0FDFF67}.Release|x64.ActiveCfg = Release|x64
		{485D6F4C-1D3B-3700-B5E1-267FC0FDFF67}.Release|x64.Build.0 = Release|x64
		{485D6F4C-1D3B-3700-B5E1-267FC0FDFF67}.MinSizeRel|x64.ActiveCfg = MinSizeRel|x64
		{485D6F4C-1D3B-3700-B5E1-267FC0FDFF67}.MinSizeRel|x64.Build.0 = MinSizeRel|x64
		{485D6F4C-1D3B-3700-B5E1-267FC0FDFF67}.RelWithDebInfo|x64.ActiveCfg = RelWithDebInfo|x64
		{485D6F4C-1D3B-3700-B5E1-267FC0FDFF67}.RelWithDebInfo|x64.Build.0 = RelWithDebInfo|x64
		{535DE498-3AF9-3B48-988E-C17EB817054A}.Debug|x64.ActiveCfg = Debug|x64
		{535DE498-3AF9-3B48-988E-C17EB817054A}.Debug|x64.Build.0 = Debug|x64
		{535DE498-3AF9-3B48-988E-C17EB817054A}.Release|x64.ActiveCfg = Release|x64
		{535DE498-3AF9-3B48-988E-C17EB817054A}.Release|x64.Build.0 = Release|x64
		{535DE498-3AF9-3B48-988E-C17EB817054A}.MinSizeRel|x64.ActiveCfg = MinSizeRel|x64
		{535DE498-3AF9-3B48-988E-C17EB817054A}.MinSizeRel|x64.Build.0 = MinSizeRel|x64
		{535DE498-3AF9-3B48-988E-C17EB817054A}.RelWithDebInfo|x64.ActiveCfg = RelWithDebInfo|x64
		{535DE498-3AF9-3B48-988E-C17EB817054A}.RelWithDebInfo|x64.Build.0 = RelWithDebInfo|x64
		{D40AF455-2FAA-35C1-AE7A-0D1640CBAD30}.Debug|x64.ActiveCfg = Debug|x64
		{D40AF455-2FAA-35C1-AE7A-0D1640CBAD30}.Debug|x64.Build.0 = Debug|x64
		{D40AF455-2FAA-35C1-AE7A-0D1640CBAD30}.Release|x64.ActiveCfg = Release|x64
		{D40AF455-2FAA-35C1-AE7A-0D1640CBAD30}.Release|x64.Build.0 = Release|x64
		{D40AF455-2FAA-35C1-AE7A-0D1640CBAD30}.MinSizeRel|x64.ActiveCfg = MinSizeRel|x64
		{D40AF455-2FAA-35C1-AE7A-0D1640CBAD30}.MinSizeRel|x64.Build.0 = MinSizeRel|x64
		{D40AF455-2FAA-35C1-AE7A-0D1640CBAD30}.RelWithDebInfo|x64.ActiveCfg = RelWithDebInfo|x64
		{D40AF455-2FAA-35C1-AE7A-0D1640CBAD30}.RelWithDebInfo|x64.Build.0 = RelWithDebInfo|x64
		{73F97CDF-A656-3D18-B342-E00A30C86BE5}.Debug|x64.ActiveCfg = Debug|x64
		{73F97CDF-A656-3D18-B342-E00A30C86BE5}.Debug|x64.Build.0 = Debug|x64
		{73F97CDF-A656-3D18-B342-E00A30C86BE5}.Release|x64.ActiveCfg = Release|x64
		{73F97CDF-A656-3D18-B342-E00A30C86BE5}.Release|x64.Build.0 = Release|x64
		{73F97CDF-A656-3D18-B342-E00A30C86BE5}.MinSizeRel|x64.ActiveCfg = MinSizeRel|x64
		{73F97CDF-A656-3D18-B342-E00A30C86BE5}.MinSizeRel|x64.Build.0 = MinSizeRel|x64
		{73F97CDF-A656-3D18-B342-E00A30C86BE5}.RelWithDebInfo|x64.ActiveCfg = RelWithDebInfo|x64
		{73F97CDF-A656-3D18-B342-E00A30C86BE5}.RelWithDebInfo|x64.Build.0 = RelWithDebInfo|x64
	EndGlobalSection
	GlobalSection(ExtensibilityGlobals) = postSolution
		SolutionGuid = {5BB9826C-8D36-3D2C-B048-4F94050F3E80}
	EndGlobalSection
	GlobalSection(ExtensibilityAddIns) = postSolution
	EndGlobalSection
EndGlobal
