<?xml version="1.0" encoding="utf-8"?>
<Project ToolsVersion="17.0" xmlns="http://schemas.microsoft.com/developer/msbuild/2003">
  <ItemGroup>
    <ClCompile Include="G:\c\2025\lunzi\IrulerDeskpro\build_newui\NewUiTest_autogen\mocs_compilation_Debug.cpp">
      <Filter>Source Files</Filter>
    </ClCompile>
    <ClCompile Include="G:\c\2025\lunzi\IrulerDeskpro\src\NewUi\main.cpp">
      <Filter>Source Files</Filter>
    </ClCompile>
    <ClCompile Include="G:\c\2025\lunzi\IrulerDeskpro\src\NewUi\NewUiWindow.cpp">
      <Filter>Source Files</Filter>
    </ClCompile>
    <ClCompile Include="G:\c\2025\lunzi\IrulerDeskpro\src\NewUi\StreamClient.cpp">
      <Filter>Source Files</Filter>
    </ClCompile>
    <ClCompile Include="G:\c\2025\lunzi\IrulerDeskpro\src\NewUi\LoginClient.cpp">
      <Filter>Source Files</Filter>
    </ClCompile>
    <ClCompile Include="G:\c\2025\lunzi\IrulerDeskpro\build_newui\NewUiTest_autogen\mocs_compilation_Release.cpp">
      <Filter>Source Files</Filter>
    </ClCompile>
    <ClCompile Include="G:\c\2025\lunzi\IrulerDeskpro\build_newui\NewUiTest_autogen\mocs_compilation_MinSizeRel.cpp">
      <Filter>Source Files</Filter>
    </ClCompile>
    <ClCompile Include="G:\c\2025\lunzi\IrulerDeskpro\build_newui\NewUiTest_autogen\mocs_compilation_RelWithDebInfo.cpp">
      <Filter>Source Files</Filter>
    </ClCompile>
  </ItemGroup>
  <ItemGroup>
    <ClInclude Include="G:\c\2025\lunzi\IrulerDeskpro\src\NewUi\NewUiWindow.h">
      <Filter>Header Files</Filter>
    </ClInclude>
    <ClInclude Include="G:\c\2025\lunzi\IrulerDeskpro\src\NewUi\StreamClient.h">
      <Filter>Header Files</Filter>
    </ClInclude>
    <ClInclude Include="G:\c\2025\lunzi\IrulerDeskpro\src\NewUi\LoginClient.h">
      <Filter>Header Files</Filter>
    </ClInclude>
  </ItemGroup>
  <ItemGroup>
    <CustomBuild Include="G:\c\2025\lunzi\IrulerDeskpro\src\NewUi\CMakeLists.txt" />
  </ItemGroup>
  <ItemGroup>
    <Filter Include="Header Files">
      <UniqueIdentifier>{D12D613A-7392-3709-833B-C68FF501AF9B}</UniqueIdentifier>
    </Filter>
    <Filter Include="Source Files">
      <UniqueIdentifier>{E4652F69-7627-320E-83DB-FA5059B277A4}</UniqueIdentifier>
    </Filter>
  </ItemGroup>
</Project>
