
Microsoft Visual Studio Solution File, Format Version 12.00
# Visual Studio Version 17
Project("{8BC9CEB8-8B4A-11D0-8D11-00A0C91BC942}") = "ALL_BUILD", "ALL_BUILD.vcxproj", "{46D4647A-BDD4-35D2-91ED-A3F149043395}"
	ProjectSection(ProjectDependencies) = postProject
		{19CD4317-1498-3B30-A62C-96AD8502E3F2} = {19CD4317-1498-3B30-A62C-96AD8502E3F2}
		{7B705EA4-D2B4-34AD-89DD-30DE00A01518} = {7B705EA4-D2B4-34AD-89DD-30DE00A01518}
	EndProjectSection
EndProject
Project("{8BC9CEB8-8B4A-11D0-8D11-00A0C91BC942}") = "NewUiTest", "NewUiTest.vcxproj", "{19CD4317-1498-3B30-A62C-96AD8502E3F2}"
	ProjectSection(ProjectDependencies) = postProject
		{7B705EA4-D2B4-34AD-89DD-30DE00A01518} = {7B705EA4-D2B4-34AD-89DD-30DE00A01518}
	EndProjectSection
EndProject
Project("{8BC9CEB8-8B4A-11D0-8D11-00A0C91BC942}") = "ZERO_CHECK", "ZERO_CHECK.vcxproj", "{7B705EA4-D2B4-34AD-89DD-30DE00A01518}"
	ProjectSection(ProjectDependencies) = postProject
	EndProjectSection
EndProject
Global
	GlobalSection(SolutionConfigurationPlatforms) = preSolution
		Debug|x64 = Debug|x64
		Release|x64 = Release|x64
		MinSizeRel|x64 = MinSizeRel|x64
		RelWithDebInfo|x64 = RelWithDebInfo|x64
	EndGlobalSection
	GlobalSection(ProjectConfigurationPlatforms) = postSolution
		{46D4647A-BDD4-35D2-91ED-A3F149043395}.Debug|x64.ActiveCfg = Debug|x64
		{46D4647A-BDD4-35D2-91ED-A3F149043395}.Release|x64.ActiveCfg = Release|x64
		{46D4647A-BDD4-35D2-91ED-A3F149043395}.MinSizeRel|x64.ActiveCfg = MinSizeRel|x64
		{46D4647A-BDD4-35D2-91ED-A3F149043395}.RelWithDebInfo|x64.ActiveCfg = RelWithDebInfo|x64
		{19CD4317-1498-3B30-A62C-96AD8502E3F2}.Debug|x64.ActiveCfg = Debug|x64
		{19CD4317-1498-3B30-A62C-96AD8502E3F2}.Debug|x64.Build.0 = Debug|x64
		{19CD4317-1498-3B30-A62C-96AD8502E3F2}.Release|x64.ActiveCfg = Release|x64
		{19CD4317-1498-3B30-A62C-96AD8502E3F2}.Release|x64.Build.0 = Release|x64
		{19CD4317-1498-3B30-A62C-96AD8502E3F2}.MinSizeRel|x64.ActiveCfg = MinSizeRel|x64
		{19CD4317-1498-3B30-A62C-96AD8502E3F2}.MinSizeRel|x64.Build.0 = MinSizeRel|x64
		{19CD4317-1498-3B30-A62C-96AD8502E3F2}.RelWithDebInfo|x64.ActiveCfg = RelWithDebInfo|x64
		{19CD4317-1498-3B30-A62C-96AD8502E3F2}.RelWithDebInfo|x64.Build.0 = RelWithDebInfo|x64
		{7B705EA4-D2B4-34AD-89DD-30DE00A01518}.Debug|x64.ActiveCfg = Debug|x64
		{7B705EA4-D2B4-34AD-89DD-30DE00A01518}.Debug|x64.Build.0 = Debug|x64
		{7B705EA4-D2B4-34AD-89DD-30DE00A01518}.Release|x64.ActiveCfg = Release|x64
		{7B705EA4-D2B4-34AD-89DD-30DE00A01518}.Release|x64.Build.0 = Release|x64
		{7B705EA4-D2B4-34AD-89DD-30DE00A01518}.MinSizeRel|x64.ActiveCfg = MinSizeRel|x64
		{7B705EA4-D2B4-34AD-89DD-30DE00A01518}.MinSizeRel|x64.Build.0 = MinSizeRel|x64
		{7B705EA4-D2B4-34AD-89DD-30DE00A01518}.RelWithDebInfo|x64.ActiveCfg = RelWithDebInfo|x64
		{7B705EA4-D2B4-34AD-89DD-30DE00A01518}.RelWithDebInfo|x64.Build.0 = RelWithDebInfo|x64
	EndGlobalSection
	GlobalSection(ExtensibilityGlobals) = postSolution
		SolutionGuid = {E1B4F4A3-6B2B-3778-9AC4-4AC86BC436F8}
	EndGlobalSection
	GlobalSection(ExtensibilityAddIns) = postSolution
	EndGlobalSection
EndGlobal
