<?xml version="1.0" encoding="utf-8"?>
<Project ToolsVersion="17.0" xmlns="http://schemas.microsoft.com/developer/msbuild/2003">
  <ItemGroup>
    <CustomBuild Include="G:\c\2025\lunzi\IrulerDeskpro\test_tile_cmake\CMakeFiles\1af3e7788ec649e9a2202df894092a7e\generate.stamp.rule">
      <Filter>CMake Rules</Filter>
    </CustomBuild>
  </ItemGroup>
  <ItemGroup>
    <Filter Include="CMake Rules">
      <UniqueIdentifier>{112CBE1C-ABD4-329B-B7FC-C287D830E796}</UniqueIdentifier>
    </Filter>
  </ItemGroup>
</Project>
