
Microsoft Visual Studio Solution File, Format Version 12.00
# Visual Studio Version 17
Project("{8BC9CEB8-8B4A-11D0-8D11-00A0C91BC942}") = "ALL_BUILD", "ALL_BUILD.vcxproj", "{127354EE-D528-378F-9253-2B1CD5106B4D}"
	ProjectSection(ProjectDependencies) = postProject
		{CCD7635E-BCB2-36B2-928D-E1E7F18D41FE} = {CCD7635E-BCB2-36B2-928D-E1E7F18D41FE}
		{DB15854A-8FCA-3393-AB8F-AA237911E73F} = {DB15854A-8FCA-3393-AB8F-AA237911E73F}
		{B3996A20-FBF7-3433-95F4-CCCB69468FEE} = {B3996A20-FBF7-3433-95F4-CCCB69468FEE}
		{8798A445-2ED0-3691-A891-A34FD2DEEA6D} = {8798A445-2ED0-3691-A891-A34FD2DEEA6D}
		{F07F0B99-8884-351E-8E5C-861B0FA802A8} = {F07F0B99-8884-351E-8E5C-861B0FA802A8}
	EndProjectSection
EndProject
Project("{8BC9CEB8-8B4A-11D0-8D11-00A0C91BC942}") = "CaptureProcess", "CaptureProcess.vcxproj", "{CCD7635E-BCB2-36B2-928D-E1E7F18D41FE}"
	ProjectSection(ProjectDependencies) = postProject
		{8798A445-2ED0-3691-A891-A34FD2DEEA6D} = {8798A445-2ED0-3691-A891-A34FD2DEEA6D}
	EndProjectSection
EndProject
Project("{8BC9CEB8-8B4A-11D0-8D11-00A0C91BC942}") = "INSTALL", "INSTALL.vcxproj", "{D85F068F-CB97-352C-A03A-0607F1D644C8}"
	ProjectSection(ProjectDependencies) = postProject
		{127354EE-D528-378F-9253-2B1CD5106B4D} = {127354EE-D528-378F-9253-2B1CD5106B4D}
		{8798A445-2ED0-3691-A891-A34FD2DEEA6D} = {8798A445-2ED0-3691-A891-A34FD2DEEA6D}
	EndProjectSection
EndProject
Project("{8BC9CEB8-8B4A-11D0-8D11-00A0C91BC942}") = "PACKAGE", "PACKAGE.vcxproj", "{65E779AD-96EE-3501-9735-4F853D7D7C4E}"
	ProjectSection(ProjectDependencies) = postProject
		{127354EE-D528-378F-9253-2B1CD5106B4D} = {127354EE-D528-378F-9253-2B1CD5106B4D}
		{8798A445-2ED0-3691-A891-A34FD2DEEA6D} = {8798A445-2ED0-3691-A891-A34FD2DEEA6D}
	EndProjectSection
EndProject
Project("{8BC9CEB8-8B4A-11D0-8D11-00A0C91BC942}") = "PlayerProcess", "PlayerProcess.vcxproj", "{DB15854A-8FCA-3393-AB8F-AA237911E73F}"
	ProjectSection(ProjectDependencies) = postProject
		{8798A445-2ED0-3691-A891-A34FD2DEEA6D} = {8798A445-2ED0-3691-A891-A34FD2DEEA6D}
	EndProjectSection
EndProject
Project("{8BC9CEB8-8B4A-11D0-8D11-00A0C91BC942}") = "ScreenStreamApp", "ScreenStreamApp.vcxproj", "{B3996A20-FBF7-3433-95F4-CCCB69468FEE}"
	ProjectSection(ProjectDependencies) = postProject
		{8798A445-2ED0-3691-A891-A34FD2DEEA6D} = {8798A445-2ED0-3691-A891-A34FD2DEEA6D}
	EndProjectSection
EndProject
Project("{8BC9CEB8-8B4A-11D0-8D11-00A0C91BC942}") = "ZERO_CHECK", "ZERO_CHECK.vcxproj", "{8798A445-2ED0-3691-A891-A34FD2DEEA6D}"
	ProjectSection(ProjectDependencies) = postProject
	EndProjectSection
EndProject
Project("{8BC9CEB8-8B4A-11D0-8D11-00A0C91BC942}") = "ZipRelease", "ZipRelease.vcxproj", "{F07F0B99-8884-351E-8E5C-861B0FA802A8}"
	ProjectSection(ProjectDependencies) = postProject
		{CCD7635E-BCB2-36B2-928D-E1E7F18D41FE} = {CCD7635E-BCB2-36B2-928D-E1E7F18D41FE}
		{DB15854A-8FCA-3393-AB8F-AA237911E73F} = {DB15854A-8FCA-3393-AB8F-AA237911E73F}
		{B3996A20-FBF7-3433-95F4-CCCB69468FEE} = {B3996A20-FBF7-3433-95F4-CCCB69468FEE}
		{8798A445-2ED0-3691-A891-A34FD2DEEA6D} = {8798A445-2ED0-3691-A891-A34FD2DEEA6D}
	EndProjectSection
EndProject
Global
	GlobalSection(SolutionConfigurationPlatforms) = preSolution
		Debug|x64 = Debug|x64
		Release|x64 = Release|x64
		MinSizeRel|x64 = MinSizeRel|x64
		RelWithDebInfo|x64 = RelWithDebInfo|x64
	EndGlobalSection
	GlobalSection(ProjectConfigurationPlatforms) = postSolution
		{127354EE-D528-378F-9253-2B1CD5106B4D}.Debug|x64.ActiveCfg = Debug|x64
		{127354EE-D528-378F-9253-2B1CD5106B4D}.Debug|x64.Build.0 = Debug|x64
		{127354EE-D528-378F-9253-2B1CD5106B4D}.Release|x64.ActiveCfg = Release|x64
		{127354EE-D528-378F-9253-2B1CD5106B4D}.Release|x64.Build.0 = Release|x64
		{127354EE-D528-378F-9253-2B1CD5106B4D}.MinSizeRel|x64.ActiveCfg = MinSizeRel|x64
		{127354EE-D528-378F-9253-2B1CD5106B4D}.MinSizeRel|x64.Build.0 = MinSizeRel|x64
		{127354EE-D528-378F-9253-2B1CD5106B4D}.RelWithDebInfo|x64.ActiveCfg = RelWithDebInfo|x64
		{127354EE-D528-378F-9253-2B1CD5106B4D}.RelWithDebInfo|x64.Build.0 = RelWithDebInfo|x64
		{CCD7635E-BCB2-36B2-928D-E1E7F18D41FE}.Debug|x64.ActiveCfg = Debug|x64
		{CCD7635E-BCB2-36B2-928D-E1E7F18D41FE}.Debug|x64.Build.0 = Debug|x64
		{CCD7635E-BCB2-36B2-928D-E1E7F18D41FE}.Release|x64.ActiveCfg = Release|x64
		{CCD7635E-BCB2-36B2-928D-E1E7F18D41FE}.Release|x64.Build.0 = Release|x64
		{CCD7635E-BCB2-36B2-928D-E1E7F18D41FE}.MinSizeRel|x64.ActiveCfg = MinSizeRel|x64
		{CCD7635E-BCB2-36B2-928D-E1E7F18D41FE}.MinSizeRel|x64.Build.0 = MinSizeRel|x64
		{CCD7635E-BCB2-36B2-928D-E1E7F18D41FE}.RelWithDebInfo|x64.ActiveCfg = RelWithDebInfo|x64
		{CCD7635E-BCB2-36B2-928D-E1E7F18D41FE}.RelWithDebInfo|x64.Build.0 = RelWithDebInfo|x64
		{D85F068F-CB97-352C-A03A-0607F1D644C8}.Debug|x64.ActiveCfg = Debug|x64
		{D85F068F-CB97-352C-A03A-0607F1D644C8}.Release|x64.ActiveCfg = Release|x64
		{D85F068F-CB97-352C-A03A-0607F1D644C8}.MinSizeRel|x64.ActiveCfg = MinSizeRel|x64
		{D85F068F-CB97-352C-A03A-0607F1D644C8}.RelWithDebInfo|x64.ActiveCfg = RelWithDebInfo|x64
		{65E779AD-96EE-3501-9735-4F853D7D7C4E}.Debug|x64.ActiveCfg = Debug|x64
		{65E779AD-96EE-3501-9735-4F853D7D7C4E}.Release|x64.ActiveCfg = Release|x64
		{65E779AD-96EE-3501-9735-4F853D7D7C4E}.MinSizeRel|x64.ActiveCfg = MinSizeRel|x64
		{65E779AD-96EE-3501-9735-4F853D7D7C4E}.RelWithDebInfo|x64.ActiveCfg = RelWithDebInfo|x64
		{DB15854A-8FCA-3393-AB8F-AA237911E73F}.Debug|x64.ActiveCfg = Debug|x64
		{DB15854A-8FCA-3393-AB8F-AA237911E73F}.Debug|x64.Build.0 = Debug|x64
		{DB15854A-8FCA-3393-AB8F-AA237911E73F}.Release|x64.ActiveCfg = Release|x64
		{DB15854A-8FCA-3393-AB8F-AA237911E73F}.Release|x64.Build.0 = Release|x64
		{DB15854A-8FCA-3393-AB8F-AA237911E73F}.MinSizeRel|x64.ActiveCfg = MinSizeRel|x64
		{DB15854A-8FCA-3393-AB8F-AA237911E73F}.MinSizeRel|x64.Build.0 = MinSizeRel|x64
		{DB15854A-8FCA-3393-AB8F-AA237911E73F}.RelWithDebInfo|x64.ActiveCfg = RelWithDebInfo|x64
		{DB15854A-8FCA-3393-AB8F-AA237911E73F}.RelWithDebInfo|x64.Build.0 = RelWithDebInfo|x64
		{B3996A20-FBF7-3433-95F4-CCCB69468FEE}.Debug|x64.ActiveCfg = Debug|x64
		{B3996A20-FBF7-3433-95F4-CCCB69468FEE}.Debug|x64.Build.0 = Debug|x64
		{B3996A20-FBF7-3433-95F4-CCCB69468FEE}.Release|x64.ActiveCfg = Release|x64
		{B3996A20-FBF7-3433-95F4-CCCB69468FEE}.Release|x64.Build.0 = Release|x64
		{B3996A20-FBF7-3433-95F4-CCCB69468FEE}.MinSizeRel|x64.ActiveCfg = MinSizeRel|x64
		{B3996A20-FBF7-3433-95F4-CCCB69468FEE}.MinSizeRel|x64.Build.0 = MinSizeRel|x64
		{B3996A20-FBF7-3433-95F4-CCCB69468FEE}.RelWithDebInfo|x64.ActiveCfg = RelWithDebInfo|x64
		{B3996A20-FBF7-3433-95F4-CCCB69468FEE}.RelWithDebInfo|x64.Build.0 = RelWithDebInfo|x64
		{8798A445-2ED0-3691-A891-A34FD2DEEA6D}.Debug|x64.ActiveCfg = Debug|x64
		{8798A445-2ED0-3691-A891-A34FD2DEEA6D}.Debug|x64.Build.0 = Debug|x64
		{8798A445-2ED0-3691-A891-A34FD2DEEA6D}.Release|x64.ActiveCfg = Release|x64
		{8798A445-2ED0-3691-A891-A34FD2DEEA6D}.Release|x64.Build.0 = Release|x64
		{8798A445-2ED0-3691-A891-A34FD2DEEA6D}.MinSizeRel|x64.ActiveCfg = MinSizeRel|x64
		{8798A445-2ED0-3691-A891-A34FD2DEEA6D}.MinSizeRel|x64.Build.0 = MinSizeRel|x64
		{8798A445-2ED0-3691-A891-A34FD2DEEA6D}.RelWithDebInfo|x64.ActiveCfg = RelWithDebInfo|x64
		{8798A445-2ED0-3691-A891-A34FD2DEEA6D}.RelWithDebInfo|x64.Build.0 = RelWithDebInfo|x64
		{F07F0B99-8884-351E-8E5C-861B0FA802A8}.Debug|x64.ActiveCfg = Debug|x64
		{F07F0B99-8884-351E-8E5C-861B0FA802A8}.Debug|x64.Build.0 = Debug|x64
		{F07F0B99-8884-351E-8E5C-861B0FA802A8}.Release|x64.ActiveCfg = Release|x64
		{F07F0B99-8884-351E-8E5C-861B0FA802A8}.Release|x64.Build.0 = Release|x64
		{F07F0B99-8884-351E-8E5C-861B0FA802A8}.MinSizeRel|x64.ActiveCfg = MinSizeRel|x64
		{F07F0B99-8884-351E-8E5C-861B0FA802A8}.MinSizeRel|x64.Build.0 = MinSizeRel|x64
		{F07F0B99-8884-351E-8E5C-861B0FA802A8}.RelWithDebInfo|x64.ActiveCfg = RelWithDebInfo|x64
		{F07F0B99-8884-351E-8E5C-861B0FA802A8}.RelWithDebInfo|x64.Build.0 = RelWithDebInfo|x64
	EndGlobalSection
	GlobalSection(ExtensibilityGlobals) = postSolution
		SolutionGuid = {FD5F40EA-A815-3F33-ABBF-EEC6F9A2940C}
	EndGlobalSection
	GlobalSection(ExtensibilityAddIns) = postSolution
	EndGlobalSection
EndGlobal
